
Microsoft Visual Studio Solution File, Format Version 12.00
# Visual Studio Version 16
VisualStudioVersion = 16.0.30503.244
MinimumVisualStudioVersion = 10.0.40219.1
Project("{FAE04EC0-301F-11D3-BF4B-00C04F79EFBC}") = "OOP", "OOP\OOP.csproj", "{4EB0265D-38BD-450D-B767-3CDA57D8D252}"
EndProject
Global
	GlobalSection(SolutionConfigurationPlatforms) = preSolution
		Debug|Any CPU = Debug|Any CPU
		Release|Any CPU = Release|Any CPU
	EndGlobalSection
	GlobalSection(ProjectConfigurationPlatforms) = postSolution
		{4EB0265D-38BD-450D-B767-3CDA57D8D252}.Debug|Any CPU.ActiveCfg = Debug|Any CPU
		{4EB0265D-38BD-450D-B767-3CDA57D8D252}.Debug|Any CPU.Build.0 = Debug|Any CPU
		{4EB0265D-38BD-450D-B767-3CDA57D8D252}.Release|Any CPU.ActiveCfg = Release|Any CPU
		{4EB0265D-38BD-450D-B767-3CDA57D8D252}.Release|Any CPU.Build.0 = Release|Any CPU
	EndGlobalSection
	GlobalSection(SolutionProperties) = preSolution
		HideSolutionNode = FALSE
	EndGlobalSection
	GlobalSection(ExtensibilityGlobals) = postSolution
		SolutionGuid = {D79CBE3F-D95C-4A28-A7B7-82D2F468B1A5}
	EndGlobalSection
EndGlobal
